
Microsoft Visual Studio Solution File, Format Version 12.00
# Visual Studio Version 17
VisualStudioVersion = 17.0.32002.185
MinimumVisualStudioVersion = 10.0.40219.1
Project("{FAE04EC0-301F-11D3-BF4B-00C04F79EFBC}") = "JF.API", "JF.API\JF.API.csproj", "{20E46911-FD1C-4C1D-A84E-E0ADB2E912A8}"
EndProject
Project("{FAE04EC0-301F-11D3-BF4B-00C04F79EFBC}") = "JF.Desktop", "JF.Desktop\JF.Desktop.csproj", "{A3F5B2AB-BA18-443F-A0BF-31E0C38721EB}"
EndProject
Project("{FAE04EC0-301F-11D3-BF4B-00C04F79EFBC}") = "JF.Domain", "JF.Domain\JF.Domain.csproj", "{AE797269-D461-469C-BAAB-947BDC68C124}"
EndProject
Global
	GlobalSection(SolutionConfigurationPlatforms) = preSolution
		Debug|Any CPU = Debug|Any CPU
		Release|Any CPU = Release|Any CPU
	EndGlobalSection
	GlobalSection(ProjectConfigurationPlatforms) = postSolution
		{20E46911-FD1C-4C1D-A84E-E0ADB2E912A8}.Debug|Any CPU.ActiveCfg = Debug|Any CPU
		{20E46911-FD1C-4C1D-A84E-E0ADB2E912A8}.Debug|Any CPU.Build.0 = Debug|Any CPU
		{20E46911-FD1C-4C1D-A84E-E0ADB2E912A8}.Release|Any CPU.ActiveCfg = Release|Any CPU
		{20E46911-FD1C-4C1D-A84E-E0ADB2E912A8}.Release|Any CPU.Build.0 = Release|Any CPU
		{A3F5B2AB-BA18-443F-A0BF-31E0C38721EB}.Debug|Any CPU.ActiveCfg = Debug|Any CPU
		{A3F5B2AB-BA18-443F-A0BF-31E0C38721EB}.Debug|Any CPU.Build.0 = Debug|Any CPU
		{A3F5B2AB-BA18-443F-A0BF-31E0C38721EB}.Release|Any CPU.ActiveCfg = Release|Any CPU
		{A3F5B2AB-BA18-443F-A0BF-31E0C38721EB}.Release|Any CPU.Build.0 = Release|Any CPU
		{AE797269-D461-469C-BAAB-947BDC68C124}.Debug|Any CPU.ActiveCfg = Debug|Any CPU
		{AE797269-D461-469C-BAAB-947BDC68C124}.Debug|Any CPU.Build.0 = Debug|Any CPU
		{AE797269-D461-469C-BAAB-947BDC68C124}.Release|Any CPU.ActiveCfg = Release|Any CPU
		{AE797269-D461-469C-BAAB-947BDC68C124}.Release|Any CPU.Build.0 = Release|Any CPU
	EndGlobalSection
	GlobalSection(SolutionProperties) = preSolution
		HideSolutionNode = FALSE
	EndGlobalSection
	GlobalSection(ExtensibilityGlobals) = postSolution
		SolutionGuid = {909B8DF8-7B64-4BCE-9C99-E9C0C2BF4989}
	EndGlobalSection
EndGlobal
